// !$*UTF8*$!
{
	archiveVersion = 1;
	classes = {
	};
	objectVersion = 50;
	objects = {

/* Begin PBXBuildFile section */
		CECEFE9423B29EBF007B103F /* AppDelegate.swift in Sources */ = {isa = PBXBuildFile; fileRef = CECEFE9323B29EBF007B103F /* AppDelegate.swift */; };
		CECEFE9623B29EBF007B103F /* SceneDelegate.swift in Sources */ = {isa = PBXBuildFile; fileRef = CECEFE9523B29EBF007B103F /* SceneDelegate.swift */; };
		CECEFE9823B29EBF007B103F /* ContentView.swift in Sources */ = {isa = PBXBuildFile; fileRef = CECEFE9723B29EBF007B103F /* ContentView.swift */; };
		CECEFE9A23B29EC0007B103F /* Assets.xcassets in Resources */ = {isa = PBXBuildFile; fileRef = CECEFE9923B29EC0007B103F /* Assets.xcassets */; };
		CECEFE9D23B29EC0007B103F /* Preview Assets.xcassets in Resources */ = {isa = PBXBuildFile; fileRef = CECEFE9C23B29EC0007B103F /* Preview Assets.xcassets */; };
		CECEFEA023B29EC0007B103F /* LaunchScreen.storyboard in Resources */ = {isa = PBXBuildFile; fileRef = CECEFE9E23B29EC0007B103F /* LaunchScreen.storyboard */; };
		CECEFEA823B29FAB007B103F /* SearchBar.swift in Sources */ = {isa = PBXBuildFile; fileRef = CECEFEA723B29FAB007B103F /* SearchBar.swift */; };
/* End PBXBuildFile section */

/* Begin PBXFileReference section */
		CECEFE9023B29EBF007B103F /* Searchlist.app */ = {isa = PBXFileReference; explicitFileType = wrapper.application; includeInIndex = 0; path = Searchlist.app; sourceTree = BUILT_PRODUCTS_DIR; };
		CECEFE9323B29EBF007B103F /* AppDelegate.swift */ = {isa = PBXFileReference; lastKnownFileType = sourcecode.swift; path = AppDelegate.swift; sourceTree = "<group>"; };
		CECEFE9523B29EBF007B103F /* SceneDelegate.swift */ = {isa = PBXFileReference; lastKnownFileType = sourcecode.swift; path = SceneDelegate.swift; sourceTree = "<group>"; };
		CECEFE9723B29EBF007B103F /* ContentView.swift */ = {isa = PBXFileReference; lastKnownFileType = sourcecode.swift; path = ContentView.swift; sourceTree = "<group>"; };
		CECEFE9923B29EC0007B103F /* Assets.xcassets */ = {isa = PBXFileReference; lastKnownFileType = folder.assetcatalog; path = Assets.xcassets; sourceTree = "<group>"; };
		CECEFE9C23B29EC0007B103F /* Preview Assets.xcassets */ = {isa = PBXFileReference; lastKnownFileType = folder.assetcatalog; path = "Preview Assets.xcassets"; sourceTree = "<group>"; };
		CECEFE9F23B29EC0007B103F /* Base */ = {isa = PBXFileReference; lastKnownFileType = file.storyboard; name = Base; path = Base.lproj/LaunchScreen.storyboard; sourceTree = "<group>"; };
		CECEFEA123B29EC0007B103F /* Info.plist */ = {isa = PBXFileReference; lastKnownFileType = text.plist.xml; path = Info.plist; sourceTree = "<group>"; };
		CECEFEA723B29FAB007B103F /* SearchBar.swift */ = {isa = PBXFileReference; lastKnownFileType = sourcecode.swift; path = SearchBar.swift; sourceTree = "<group>"; };
/* End PBXFileReference section */

/* Begin PBXFrameworksBuildPhase section */
		CECEFE8D23B29EBE007B103F /* Frameworks */ = {
			isa = PBXFrameworksBuildPhase;
			buildActionMask = 2147483647;
			files = (
			);
			runOnlyForDeploymentPostprocessing = 0;
		};
/* End PBXFrameworksBuildPhase section */

/* Begin PBXGroup section */
		CECEFE8723B29EBE007B103F = {
			isa = PBXGroup;
			children = (
				CECEFE9223B29EBF007B103F /* Searchlist */,
				CECEFE9123B29EBF007B103F /* Products */,
			);
			sourceTree = "<group>";
		};
		CECEFE9123B29EBF007B103F /* Products */ = {
			isa = PBXGroup;
			children = (
				CECEFE9023B29EBF007B103F /* Searchlist.app */,
			);
			name = Products;
			sourceTree = "<group>";
		};
		CECEFE9223B29EBF007B103F /* Searchlist */ = {
			isa = PBXGroup;
			children = (
				CECEFE9323B29EBF007B103F /* AppDelegate.swift */,
				CECEFE9523B29EBF007B103F /* SceneDelegate.swift */,
				CECEFE9723B29EBF007B103F /* ContentView.swift */,
				CECEFEA723B29FAB007B103F /* SearchBar.swift */,
				CECEFE9923B29EC0007B103F /* Assets.xcassets */,
				CECEFE9E23B29EC0007B103F /* LaunchScreen.storyboard */,
				CECEFEA123B29EC0007B103F /* Info.plist */,
				CECEFE9B23B29EC0007B103F /* Preview Content */,
			);
			path = Searchlist;
			sourceTree = "<group>";
		};
		CECEFE9B23B29EC0007B103F /* Preview Content */ = {
			isa = PBXGroup;
			children = (
				CECEFE9C23B29EC0007B103F /* Preview Assets.xcassets */,
			);
			path = "Preview Content";
			sourceTree = "<group>";
		};
/* End PBXGroup section */

/* Begin PBXNativeTarget section */
		CECEFE8F23B29EBE007B103F /* Searchlist */ = {
			isa = PBXNativeTarget;
			buildConfigurationList = CECEFEA423B29EC0007B103F /* Build configuration list for PBXNativeTarget "Searchlist" */;
			buildPhases = (
				CECEFE8C23B29EBE007B103F /* Sources */,
				CECEFE8D23B29EBE007B103F /* Frameworks */,
				CECEFE8E23B29EBE007B103F /* Resources */,
			);
			buildRules = (
			);
			dependencies = (
			);
			name = Searchlist;
			productName = Searchlist;
			productReference = CECEFE9023B29EBF007B103F /* Searchlist.app */;
			productType = "com.apple.product-type.application";
		};
/* End PBXNativeTarget section */

/* Begin PBXProject section */
		CECEFE8823B29EBE007B103F /* Project object */ = {
			isa = PBXProject;
			attributes = {
				LastSwiftUpdateCheck = 1130;
				LastUpgradeCheck = 1130;
				ORGANIZATIONNAME = "ankit kumar bharti";
				TargetAttributes = {
					CECEFE8F23B29EBE007B103F = {
						CreatedOnToolsVersion = 11.3;
					};
				};
			};
			buildConfigurationList = CECEFE8B23B29EBE007B103F /* Build configuration list for PBXProject "Searchlist" */;
			compatibilityVersion = "Xcode 9.3";
			developmentRegion = en;
			hasScannedForEncodings = 0;
			knownRegions = (
				en,
				Base,
			);
			mainGroup = CECEFE8723B29EBE007B103F;
			productRefGroup = CECEFE9123B29EBF007B103F /* Products */;
			projectDirPath = "";
			projectRoot = "";
			targets = (
				CECEFE8F23B29EBE007B103F /* Searchlist */,
			);
		};
/* End PBXProject section */

/* Begin PBXResourcesBuildPhase section */
		CECEFE8E23B29EBE007B103F /* Resources */ = {
			isa = PBXResourcesBuildPhase;
			buildActionMask = 2147483647;
			files = (
				CECEFEA023B29EC0007B103F /* LaunchScreen.storyboard in Resources */,
				CECEFE9D23B29EC0007B103F /* Preview Assets.xcassets in Resources */,
				CECEFE9A23B29EC0007B103F /* Assets.xcassets in Resources */,
			);
			runOnlyForDeploymentPostprocessing = 0;
		};
/* End PBXResourcesBuildPhase section */

/* Begin PBXSourcesBuildPhase section */
		CECEFE8C23B29EBE007B103F /* Sources */ = {
			isa = PBXSourcesBuildPhase;
			buildActionMask = 2147483647;
			files = (
				CECEFE9423B29EBF007B103F /* AppDelegate.swift in Sources */,
				CECEFEA823B29FAB007B103F /* SearchBar.swift in Sources */,
				CECEFE9623B29EBF007B103F /* SceneDelegate.swift in Sources */,
				CECEFE9823B29EBF007B103F /* ContentView.swift in Sources */,
			);
			runOnlyForDeploymentPostprocessing = 0;
		};
/* End PBXSourcesBuildPhase section */

/* Begin PBXVariantGroup section */
		CECEFE9E23B29EC0007B103F /* LaunchScreen.storyboard */ = {
			isa = PBXVariantGroup;
			children = (
				CECEFE9F23B29EC0007B103F /* Base */,
			);
			name = LaunchScreen.storyboard;
			sourceTree = "<group>";
		};
/* End PBXVariantGroup section */

/* Begin XCBuildConfiguration section */
		CECEFEA223B29EC0007B103F /* Debug */ = {
			isa = XCBuildConfiguration;
			buildSettings = {
				ALWAYS_SEARCH_USER_PATHS = NO;
				CLANG_ANALYZER_NONNULL = YES;
				CLANG_ANALYZER_NUMBER_OBJECT_CONVERSION = YES_AGGRESSIVE;
				CLANG_CXX_LANGUAGE_STANDARD = "gnu++14";
				CLANG_CXX_LIBRARY = "libc++";
				CLANG_ENABLE_MODULES = YES;
				CLANG_ENABLE_OBJC_ARC = YES;
				CLANG_ENABLE_OBJC_WEAK = YES;
				CLANG_WARN_BLOCK_CAPTURE_AUTORELEASING = YES;
				CLANG_WARN_BOOL_CONVERSION = YES;
				CLANG_WARN_COMMA = YES;
				CLANG_WARN_CONSTANT_CONVERSION = YES;
				CLANG_WARN_DEPRECATED_OBJC_IMPLEMENTATIONS = YES;
				CLANG_WARN_DIRECT_OBJC_ISA_USAGE = YES_ERROR;
				CLANG_WARN_DOCUMENTATION_COMMENTS = YES;
				CLANG_WARN_EMPTY_BODY = YES;
				CLANG_WARN_ENUM_CONVERSION = YES;
				CLANG_WARN_INFINITE_RECURSION = YES;
				CLANG_WARN_INT_CONVERSION = YES;
				CLANG_WARN_NON_LITERAL_NULL_CONVERSION = YES;
				CLANG_WARN_OBJC_IMPLICIT_RETAIN_SELF = YES;
				CLANG_WARN_OBJC_LITERAL_CONVERSION = YES;
				CLANG_WARN_OBJC_ROOT_CLASS = YES_ERROR;
				CLANG_WARN_RANGE_LOOP_ANALYSIS = YES;
				CLANG_WARN_STRICT_PROTOTYPES = YES;
				CLANG_WARN_SUSPICIOUS_MOVE = YES;
				CLANG_WARN_UNGUARDED_AVAILABILITY = YES_AGGRESSIVE;
				CLANG_WARN_UNREACHABLE_CODE = YES;
				CLANG_WARN__DUPLICATE_METHOD_MATCH = YES;
				COPY_PHASE_STRIP = NO;
				DEBUG_INFORMATION_FORMAT = dwarf;
				ENABLE_STRICT_OBJC_MSGSEND = YES;
				ENABLE_TESTABILITY = YES;
				GCC_C_LANGUAGE_STANDARD = gnu11;
				GCC_DYNAMIC_NO_PIC = NO;
				GCC_NO_COMMON_BLOCKS = YES;
				GCC_OPTIMIZATION_LEVEL = 0;
				GCC_PREPROCESSOR_DEFINITIONS = (
					"DEBUG=1",
					"$(inherited)",
				);
				GCC_WARN_64_TO_32_BIT_CONVERSION = YES;
				GCC_WARN_ABOUT_RETURN_TYPE = YES_ERROR;
				GCC_WARN_UNDECLARED_SELECTOR = YES;
				GCC_WARN_UNINITIALIZED_AUTOS = YES_AGGRESSIVE;
				GCC_WARN_UNUSED_FUNCTION = YES;
				GCC_WARN_UNUSED_VARIABLE = YES;
				IPHONEOS_DEPLOYMENT_TARGET = 13.2;
				MTL_ENABLE_DEBUG_INFO = INCLUDE_SOURCE;
				MTL_FAST_MATH = YES;
				ONLY_ACTIVE_ARCH = YES;
				SDKROOT = iphoneos;
				SWIFT_ACTIVE_COMPILATION_CONDITIONS = DEBUG;
				SWIFT_OPTIMIZATION_LEVEL = "-Onone";
			};
			name = Debug;
		};
		CECEFEA323B29EC0007B103F /* Release */ = {
			isa = XCBuildConfiguration;
			buildSettings = {
				ALWAYS_SEARCH_USER_PATHS = NO;
				CLANG_ANALYZER_NONNULL = YES;
				CLANG_ANALYZER_NUMBER_OBJECT_CONVERSION = YES_AGGRESSIVE;
				CLANG_CXX_LANGUAGE_STANDARD = "gnu++14";
				CLANG_CXX_LIBRARY = "libc++";
				CLANG_ENABLE_MODULES = YES;
				CLANG_ENABLE_OBJC_ARC = YES;
				CLANG_ENABLE_OBJC_WEAK = YES;
				CLANG_WARN_BLOCK_CAPTURE_AUTORELEASING = YES;
				CLANG_WARN_BOOL_CONVERSION = YES;
				CLANG_WARN_COMMA = YES;
				CLANG_WARN_CONSTANT_CONVERSION = YES;
				CLANG_WARN_DEPRECATED_OBJC_IMPLEMENTATIONS = YES;
				CLANG_WARN_DIRECT_OBJC_ISA_USAGE = YES_ERROR;
				CLANG_WARN_DOCUMENTATION_COMMENTS = YES;
				CLANG_WARN_EMPTY_BODY = YES;
				CLANG_WARN_ENUM_CONVERSION = YES;
				CLANG_WARN_INFINITE_RECURSION = YES;
				CLANG_WARN_INT_CONVERSION = YES;
				CLANG_WARN_NON_LITERAL_NULL_CONVERSION = YES;
				CLANG_WARN_OBJC_IMPLICIT_RETAIN_SELF = YES;
				CLANG_WARN_OBJC_LITERAL_CONVERSION = YES;
				CLANG_WARN_OBJC_ROOT_CLASS = YES_ERROR;
				CLANG_WARN_RANGE_LOOP_ANALYSIS = YES;
				CLANG_WARN_STRICT_PROTOTYPES = YES;
				CLANG_WARN_SUSPICIOUS_MOVE = YES;
				CLANG_WARN_UNGUARDED_AVAILABILITY = YES_AGGRESSIVE;
				CLANG_WARN_UNREACHABLE_CODE = YES;
				CLANG_WARN__DUPLICATE_METHOD_MATCH = YES;
				COPY_PHASE_STRIP = NO;
				DEBUG_INFORMATION_FORMAT = "dwarf-with-dsym";
				ENABLE_NS_ASSERTIONS = NO;
				ENABLE_STRICT_OBJC_MSGSEND = YES;
				GCC_C_LANGUAGE_STANDARD = gnu11;
				GCC_NO_COMMON_BLOCKS = YES;
				GCC_WARN_64_TO_32_BIT_CONVERSION = YES;
				GCC_WARN_ABOUT_RETURN_TYPE = YES_ERROR;
				GCC_WARN_UNDECLARED_SELECTOR = YES;
				GCC_WARN_UNINITIALIZED_AUTOS = YES_AGGRESSIVE;
				GCC_WARN_UNUSED_FUNCTION = YES;
				GCC_WARN_UNUSED_VARIABLE = YES;
				IPHONEOS_DEPLOYMENT_TARGET = 13.2;
				MTL_ENABLE_DEBUG_INFO = NO;
				MTL_FAST_MATH = YES;
				SDKROOT = iphoneos;
				SWIFT_COMPILATION_MODE = wholemodule;
				SWIFT_OPTIMIZATION_LEVEL = "-O";
				VALIDATE_PRODUCT = YES;
			};
			name = Release;
		};
		CECEFEA523B29EC0007B103F /* Debug */ = {
			isa = XCBuildConfiguration;
			buildSettings = {
				ASSETCATALOG_COMPILER_APPICON_NAME = AppIcon;
				CODE_SIGN_STYLE = Automatic;
				DEVELOPMENT_ASSET_PATHS = "\"Searchlist/Preview Content\"";
				DEVELOPMENT_TEAM = H83TSUZGC5;
				ENABLE_PREVIEWS = YES;
				INFOPLIST_FILE = Searchlist/Info.plist;
				LD_RUNPATH_SEARCH_PATHS = (
					"$(inherited)",
					"@executable_path/Frameworks",
				);
				PRODUCT_BUNDLE_IDENTIFIER = com.ankit.Searchlist;
				PRODUCT_NAME = "$(TARGET_NAME)";
				SWIFT_VERSION = 5.0;
				TARGETED_DEVICE_FAMILY = "1,2";
			};
			name = Debug;
		};
		CECEFEA623B29EC0007B103F /* Release */ = {
			isa = XCBuildConfiguration;
			buildSettings = {
				ASSETCATALOG_COMPILER_APPICON_NAME = AppIcon;
				CODE_SIGN_STYLE = Automatic;
				DEVELOPMENT_ASSET_PATHS = "\"Searchlist/Preview Content\"";
				DEVELOPMENT_TEAM = H83TSUZGC5;
				ENABLE_PREVIEWS = YES;
				INFOPLIST_FILE = Searchlist/Info.plist;
				LD_RUNPATH_SEARCH_PATHS = (
					"$(inherited)",
					"@executable_path/Frameworks",
				);
				PRODUCT_BUNDLE_IDENTIFIER = com.ankit.Searchlist;
				PRODUCT_NAME = "$(TARGET_NAME)";
				SWIFT_VERSION = 5.0;
				TARGETED_DEVICE_FAMILY = "1,2";
			};
			name = Release;
		};
/* End XCBuildConfiguration section */

/* Begin XCConfigurationList section */
		CECEFE8B23B29EBE007B103F /* Build configuration list for PBXProject "Searchlist" */ = {
			isa = XCConfigurationList;
			buildConfigurations = (
				CECEFEA223B29EC0007B103F /* Debug */,
				CECEFEA323B29EC0007B103F /* Release */,
			);
			defaultConfigurationIsVisible = 0;
			defaultConfigurationName = Release;
		};
		CECEFEA423B29EC0007B103F /* Build configuration list for PBXNativeTarget "Searchlist" */ = {
			isa = XCConfigurationList;
			buildConfigurations = (
				CECEFEA523B29EC0007B103F /* Debug */,
				CECEFEA623B29EC0007B103F /* Release */,
			);
			defaultConfigurationIsVisible = 0;
			defaultConfigurationName = Release;
		};
/* End XCConfigurationList section */
	};
	rootObject = CECEFE8823B29EBE007B103F /* Project object */;
}
