// !$*UTF8*$!
{
	archiveVersion = 1;
	classes = {
	};
	objectVersion = 50;
	objects = {

/* Begin PBXBuildFile section */
		CE4AD64623733B8300A927B6 /* DetailedRepoView.swift in Sources */ = {isa = PBXBuildFile; fileRef = CE4AD64523733B8300A927B6 /* DetailedRepoView.swift */; };
		CE4AD64823733F1200A927B6 /* DownloadButton.swift in Sources */ = {isa = PBXBuildFile; fileRef = CE4AD64723733F1200A927B6 /* DownloadButton.swift */; };
		CE4AD64A2373439300A927B6 /* Controller.swift in Sources */ = {isa = PBXBuildFile; fileRef = CE4AD6492373439300A927B6 /* Controller.swift */; };
		CEFFF574237334EF007729CD /* AppDelegate.swift in Sources */ = {isa = PBXBuildFile; fileRef = CEFFF573237334EF007729CD /* AppDelegate.swift */; };
		CEFFF576237334EF007729CD /* SceneDelegate.swift in Sources */ = {isa = PBXBuildFile; fileRef = CEFFF575237334EF007729CD /* SceneDelegate.swift */; };
		CEFFF578237334EF007729CD /* ContentView.swift in Sources */ = {isa = PBXBuildFile; fileRef = CEFFF577237334EF007729CD /* ContentView.swift */; };
		CEFFF57A237334F0007729CD /* Assets.xcassets in Resources */ = {isa = PBXBuildFile; fileRef = CEFFF579237334F0007729CD /* Assets.xcassets */; };
		CEFFF57D237334F0007729CD /* Preview Assets.xcassets in Resources */ = {isa = PBXBuildFile; fileRef = CEFFF57C237334F0007729CD /* Preview Assets.xcassets */; };
		CEFFF580237334F0007729CD /* LaunchScreen.storyboard in Resources */ = {isa = PBXBuildFile; fileRef = CEFFF57E237334F0007729CD /* LaunchScreen.storyboard */; };
		CEFFF58823733521007729CD /* Service.swift in Sources */ = {isa = PBXBuildFile; fileRef = CEFFF58723733521007729CD /* Service.swift */; };
		CEFFF58A2373365B007729CD /* Repositry.swift in Sources */ = {isa = PBXBuildFile; fileRef = CEFFF5892373365B007729CD /* Repositry.swift */; };
		CEFFF5912373390C007729CD /* RepoViewModel.swift in Sources */ = {isa = PBXBuildFile; fileRef = CEFFF5902373390C007729CD /* RepoViewModel.swift */; };
/* End PBXBuildFile section */

/* Begin PBXFileReference section */
		CE4AD64523733B8300A927B6 /* DetailedRepoView.swift */ = {isa = PBXFileReference; lastKnownFileType = sourcecode.swift; path = DetailedRepoView.swift; sourceTree = "<group>"; };
		CE4AD64723733F1200A927B6 /* DownloadButton.swift */ = {isa = PBXFileReference; lastKnownFileType = sourcecode.swift; path = DownloadButton.swift; sourceTree = "<group>"; };
		CE4AD6492373439300A927B6 /* Controller.swift */ = {isa = PBXFileReference; lastKnownFileType = sourcecode.swift; path = Controller.swift; sourceTree = "<group>"; };
		CEFFF570237334EF007729CD /* Github-Repo-SwiftUI.app */ = {isa = PBXFileReference; explicitFileType = wrapper.application; includeInIndex = 0; path = "Github-Repo-SwiftUI.app"; sourceTree = BUILT_PRODUCTS_DIR; };
		CEFFF573237334EF007729CD /* AppDelegate.swift */ = {isa = PBXFileReference; lastKnownFileType = sourcecode.swift; path = AppDelegate.swift; sourceTree = "<group>"; };
		CEFFF575237334EF007729CD /* SceneDelegate.swift */ = {isa = PBXFileReference; lastKnownFileType = sourcecode.swift; path = SceneDelegate.swift; sourceTree = "<group>"; };
		CEFFF577237334EF007729CD /* ContentView.swift */ = {isa = PBXFileReference; lastKnownFileType = sourcecode.swift; path = ContentView.swift; sourceTree = "<group>"; };
		CEFFF579237334F0007729CD /* Assets.xcassets */ = {isa = PBXFileReference; lastKnownFileType = folder.assetcatalog; path = Assets.xcassets; sourceTree = "<group>"; };
		CEFFF57C237334F0007729CD /* Preview Assets.xcassets */ = {isa = PBXFileReference; lastKnownFileType = folder.assetcatalog; path = "Preview Assets.xcassets"; sourceTree = "<group>"; };
		CEFFF57F237334F0007729CD /* Base */ = {isa = PBXFileReference; lastKnownFileType = file.storyboard; name = Base; path = Base.lproj/LaunchScreen.storyboard; sourceTree = "<group>"; };
		CEFFF581237334F0007729CD /* Info.plist */ = {isa = PBXFileReference; lastKnownFileType = text.plist.xml; path = Info.plist; sourceTree = "<group>"; };
		CEFFF58723733521007729CD /* Service.swift */ = {isa = PBXFileReference; lastKnownFileType = sourcecode.swift; path = Service.swift; sourceTree = "<group>"; };
		CEFFF5892373365B007729CD /* Repositry.swift */ = {isa = PBXFileReference; lastKnownFileType = sourcecode.swift; path = Repositry.swift; sourceTree = "<group>"; };
		CEFFF5902373390C007729CD /* RepoViewModel.swift */ = {isa = PBXFileReference; lastKnownFileType = sourcecode.swift; path = RepoViewModel.swift; sourceTree = "<group>"; };
/* End PBXFileReference section */

/* Begin PBXFrameworksBuildPhase section */
		CEFFF56D237334EF007729CD /* Frameworks */ = {
			isa = PBXFrameworksBuildPhase;
			buildActionMask = 2147483647;
			files = (
			);
			runOnlyForDeploymentPostprocessing = 0;
		};
/* End PBXFrameworksBuildPhase section */

/* Begin PBXGroup section */
		CE4AD64B2373439900A927B6 /* Controller */ = {
			isa = PBXGroup;
			children = (
				CE4AD6492373439300A927B6 /* Controller.swift */,
			);
			path = Controller;
			sourceTree = "<group>";
		};
		CEFFF567237334EF007729CD = {
			isa = PBXGroup;
			children = (
				CEFFF572237334EF007729CD /* Github-Repo-SwiftUI */,
				CEFFF571237334EF007729CD /* Products */,
			);
			sourceTree = "<group>";
		};
		CEFFF571237334EF007729CD /* Products */ = {
			isa = PBXGroup;
			children = (
				CEFFF570237334EF007729CD /* Github-Repo-SwiftUI.app */,
			);
			name = Products;
			sourceTree = "<group>";
		};
		CEFFF572237334EF007729CD /* Github-Repo-SwiftUI */ = {
			isa = PBXGroup;
			children = (
				CE4AD64B2373439900A927B6 /* Controller */,
				CEFFF58F2373383D007729CD /* Supporting Files */,
				CEFFF58E23733837007729CD /* View */,
				CEFFF58D2373382F007729CD /* ViewModel */,
				CEFFF58C23733829007729CD /* Model */,
				CEFFF58B23733822007729CD /* Service */,
				CEFFF57B237334F0007729CD /* Preview Content */,
			);
			path = "Github-Repo-SwiftUI";
			sourceTree = "<group>";
		};
		CEFFF57B237334F0007729CD /* Preview Content */ = {
			isa = PBXGroup;
			children = (
				CEFFF57C237334F0007729CD /* Preview Assets.xcassets */,
			);
			path = "Preview Content";
			sourceTree = "<group>";
		};
		CEFFF58B23733822007729CD /* Service */ = {
			isa = PBXGroup;
			children = (
				CEFFF58723733521007729CD /* Service.swift */,
			);
			path = Service;
			sourceTree = "<group>";
		};
		CEFFF58C23733829007729CD /* Model */ = {
			isa = PBXGroup;
			children = (
				CEFFF5892373365B007729CD /* Repositry.swift */,
			);
			path = Model;
			sourceTree = "<group>";
		};
		CEFFF58D2373382F007729CD /* ViewModel */ = {
			isa = PBXGroup;
			children = (
				CEFFF5902373390C007729CD /* RepoViewModel.swift */,
			);
			path = ViewModel;
			sourceTree = "<group>";
		};
		CEFFF58E23733837007729CD /* View */ = {
			isa = PBXGroup;
			children = (
				CEFFF577237334EF007729CD /* ContentView.swift */,
				CE4AD64523733B8300A927B6 /* DetailedRepoView.swift */,
				CE4AD64723733F1200A927B6 /* DownloadButton.swift */,
			);
			path = View;
			sourceTree = "<group>";
		};
		CEFFF58F2373383D007729CD /* Supporting Files */ = {
			isa = PBXGroup;
			children = (
				CEFFF573237334EF007729CD /* AppDelegate.swift */,
				CEFFF575237334EF007729CD /* SceneDelegate.swift */,
				CEFFF579237334F0007729CD /* Assets.xcassets */,
				CEFFF57E237334F0007729CD /* LaunchScreen.storyboard */,
				CEFFF581237334F0007729CD /* Info.plist */,
			);
			path = "Supporting Files";
			sourceTree = "<group>";
		};
/* End PBXGroup section */

/* Begin PBXNativeTarget section */
		CEFFF56F237334EF007729CD /* Github-Repo-SwiftUI */ = {
			isa = PBXNativeTarget;
			buildConfigurationList = CEFFF584237334F0007729CD /* Build configuration list for PBXNativeTarget "Github-Repo-SwiftUI" */;
			buildPhases = (
				CEFFF56C237334EF007729CD /* Sources */,
				CEFFF56D237334EF007729CD /* Frameworks */,
				CEFFF56E237334EF007729CD /* Resources */,
			);
			buildRules = (
			);
			dependencies = (
			);
			name = "Github-Repo-SwiftUI";
			productName = "Github-Repo-SwiftUI";
			productReference = CEFFF570237334EF007729CD /* Github-Repo-SwiftUI.app */;
			productType = "com.apple.product-type.application";
		};
/* End PBXNativeTarget section */

/* Begin PBXProject section */
		CEFFF568237334EF007729CD /* Project object */ = {
			isa = PBXProject;
			attributes = {
				LastSwiftUpdateCheck = 1120;
				LastUpgradeCheck = 1120;
				ORGANIZATIONNAME = "ankit kumar bharti";
				TargetAttributes = {
					CEFFF56F237334EF007729CD = {
						CreatedOnToolsVersion = 11.2;
					};
				};
			};
			buildConfigurationList = CEFFF56B237334EF007729CD /* Build configuration list for PBXProject "Github-Repo-SwiftUI" */;
			compatibilityVersion = "Xcode 9.3";
			developmentRegion = en;
			hasScannedForEncodings = 0;
			knownRegions = (
				en,
				Base,
			);
			mainGroup = CEFFF567237334EF007729CD;
			productRefGroup = CEFFF571237334EF007729CD /* Products */;
			projectDirPath = "";
			projectRoot = "";
			targets = (
				CEFFF56F237334EF007729CD /* Github-Repo-SwiftUI */,
			);
		};
/* End PBXProject section */

/* Begin PBXResourcesBuildPhase section */
		CEFFF56E237334EF007729CD /* Resources */ = {
			isa = PBXResourcesBuildPhase;
			buildActionMask = 2147483647;
			files = (
				CEFFF580237334F0007729CD /* LaunchScreen.storyboard in Resources */,
				CEFFF57D237334F0007729CD /* Preview Assets.xcassets in Resources */,
				CEFFF57A237334F0007729CD /* Assets.xcassets in Resources */,
			);
			runOnlyForDeploymentPostprocessing = 0;
		};
/* End PBXResourcesBuildPhase section */

/* Begin PBXSourcesBuildPhase section */
		CEFFF56C237334EF007729CD /* Sources */ = {
			isa = PBXSourcesBuildPhase;
			buildActionMask = 2147483647;
			files = (
				CE4AD64A2373439300A927B6 /* Controller.swift in Sources */,
				CEFFF5912373390C007729CD /* RepoViewModel.swift in Sources */,
				CEFFF574237334EF007729CD /* AppDelegate.swift in Sources */,
				CE4AD64623733B8300A927B6 /* DetailedRepoView.swift in Sources */,
				CE4AD64823733F1200A927B6 /* DownloadButton.swift in Sources */,
				CEFFF58823733521007729CD /* Service.swift in Sources */,
				CEFFF58A2373365B007729CD /* Repositry.swift in Sources */,
				CEFFF576237334EF007729CD /* SceneDelegate.swift in Sources */,
				CEFFF578237334EF007729CD /* ContentView.swift in Sources */,
			);
			runOnlyForDeploymentPostprocessing = 0;
		};
/* End PBXSourcesBuildPhase section */

/* Begin PBXVariantGroup section */
		CEFFF57E237334F0007729CD /* LaunchScreen.storyboard */ = {
			isa = PBXVariantGroup;
			children = (
				CEFFF57F237334F0007729CD /* Base */,
			);
			name = LaunchScreen.storyboard;
			sourceTree = "<group>";
		};
/* End PBXVariantGroup section */

/* Begin XCBuildConfiguration section */
		CEFFF582237334F0007729CD /* Debug */ = {
			isa = XCBuildConfiguration;
			buildSettings = {
				ALWAYS_SEARCH_USER_PATHS = NO;
				CLANG_ANALYZER_NONNULL = YES;
				CLANG_ANALYZER_NUMBER_OBJECT_CONVERSION = YES_AGGRESSIVE;
				CLANG_CXX_LANGUAGE_STANDARD = "gnu++14";
				CLANG_CXX_LIBRARY = "libc++";
				CLANG_ENABLE_MODULES = YES;
				CLANG_ENABLE_OBJC_ARC = YES;
				CLANG_ENABLE_OBJC_WEAK = YES;
				CLANG_WARN_BLOCK_CAPTURE_AUTORELEASING = YES;
				CLANG_WARN_BOOL_CONVERSION = YES;
				CLANG_WARN_COMMA = YES;
				CLANG_WARN_CONSTANT_CONVERSION = YES;
				CLANG_WARN_DEPRECATED_OBJC_IMPLEMENTATIONS = YES;
				CLANG_WARN_DIRECT_OBJC_ISA_USAGE = YES_ERROR;
				CLANG_WARN_DOCUMENTATION_COMMENTS = YES;
				CLANG_WARN_EMPTY_BODY = YES;
				CLANG_WARN_ENUM_CONVERSION = YES;
				CLANG_WARN_INFINITE_RECURSION = YES;
				CLANG_WARN_INT_CONVERSION = YES;
				CLANG_WARN_NON_LITERAL_NULL_CONVERSION = YES;
				CLANG_WARN_OBJC_IMPLICIT_RETAIN_SELF = YES;
				CLANG_WARN_OBJC_LITERAL_CONVERSION = YES;
				CLANG_WARN_OBJC_ROOT_CLASS = YES_ERROR;
				CLANG_WARN_RANGE_LOOP_ANALYSIS = YES;
				CLANG_WARN_STRICT_PROTOTYPES = YES;
				CLANG_WARN_SUSPICIOUS_MOVE = YES;
				CLANG_WARN_UNGUARDED_AVAILABILITY = YES_AGGRESSIVE;
				CLANG_WARN_UNREACHABLE_CODE = YES;
				CLANG_WARN__DUPLICATE_METHOD_MATCH = YES;
				COPY_PHASE_STRIP = NO;
				DEBUG_INFORMATION_FORMAT = dwarf;
				ENABLE_STRICT_OBJC_MSGSEND = YES;
				ENABLE_TESTABILITY = YES;
				GCC_C_LANGUAGE_STANDARD = gnu11;
				GCC_DYNAMIC_NO_PIC = NO;
				GCC_NO_COMMON_BLOCKS = YES;
				GCC_OPTIMIZATION_LEVEL = 0;
				GCC_PREPROCESSOR_DEFINITIONS = (
					"DEBUG=1",
					"$(inherited)",
				);
				GCC_WARN_64_TO_32_BIT_CONVERSION = YES;
				GCC_WARN_ABOUT_RETURN_TYPE = YES_ERROR;
				GCC_WARN_UNDECLARED_SELECTOR = YES;
				GCC_WARN_UNINITIALIZED_AUTOS = YES_AGGRESSIVE;
				GCC_WARN_UNUSED_FUNCTION = YES;
				GCC_WARN_UNUSED_VARIABLE = YES;
				IPHONEOS_DEPLOYMENT_TARGET = 13.2;
				MTL_ENABLE_DEBUG_INFO = INCLUDE_SOURCE;
				MTL_FAST_MATH = YES;
				ONLY_ACTIVE_ARCH = YES;
				SDKROOT = iphoneos;
				SWIFT_ACTIVE_COMPILATION_CONDITIONS = DEBUG;
				SWIFT_OPTIMIZATION_LEVEL = "-Onone";
			};
			name = Debug;
		};
		CEFFF583237334F0007729CD /* Release */ = {
			isa = XCBuildConfiguration;
			buildSettings = {
				ALWAYS_SEARCH_USER_PATHS = NO;
				CLANG_ANALYZER_NONNULL = YES;
				CLANG_ANALYZER_NUMBER_OBJECT_CONVERSION = YES_AGGRESSIVE;
				CLANG_CXX_LANGUAGE_STANDARD = "gnu++14";
				CLANG_CXX_LIBRARY = "libc++";
				CLANG_ENABLE_MODULES = YES;
				CLANG_ENABLE_OBJC_ARC = YES;
				CLANG_ENABLE_OBJC_WEAK = YES;
				CLANG_WARN_BLOCK_CAPTURE_AUTORELEASING = YES;
				CLANG_WARN_BOOL_CONVERSION = YES;
				CLANG_WARN_COMMA = YES;
				CLANG_WARN_CONSTANT_CONVERSION = YES;
				CLANG_WARN_DEPRECATED_OBJC_IMPLEMENTATIONS = YES;
				CLANG_WARN_DIRECT_OBJC_ISA_USAGE = YES_ERROR;
				CLANG_WARN_DOCUMENTATION_COMMENTS = YES;
				CLANG_WARN_EMPTY_BODY = YES;
				CLANG_WARN_ENUM_CONVERSION = YES;
				CLANG_WARN_INFINITE_RECURSION = YES;
				CLANG_WARN_INT_CONVERSION = YES;
				CLANG_WARN_NON_LITERAL_NULL_CONVERSION = YES;
				CLANG_WARN_OBJC_IMPLICIT_RETAIN_SELF = YES;
				CLANG_WARN_OBJC_LITERAL_CONVERSION = YES;
				CLANG_WARN_OBJC_ROOT_CLASS = YES_ERROR;
				CLANG_WARN_RANGE_LOOP_ANALYSIS = YES;
				CLANG_WARN_STRICT_PROTOTYPES = YES;
				CLANG_WARN_SUSPICIOUS_MOVE = YES;
				CLANG_WARN_UNGUARDED_AVAILABILITY = YES_AGGRESSIVE;
				CLANG_WARN_UNREACHABLE_CODE = YES;
				CLANG_WARN__DUPLICATE_METHOD_MATCH = YES;
				COPY_PHASE_STRIP = NO;
				DEBUG_INFORMATION_FORMAT = "dwarf-with-dsym";
				ENABLE_NS_ASSERTIONS = NO;
				ENABLE_STRICT_OBJC_MSGSEND = YES;
				GCC_C_LANGUAGE_STANDARD = gnu11;
				GCC_NO_COMMON_BLOCKS = YES;
				GCC_WARN_64_TO_32_BIT_CONVERSION = YES;
				GCC_WARN_ABOUT_RETURN_TYPE = YES_ERROR;
				GCC_WARN_UNDECLARED_SELECTOR = YES;
				GCC_WARN_UNINITIALIZED_AUTOS = YES_AGGRESSIVE;
				GCC_WARN_UNUSED_FUNCTION = YES;
				GCC_WARN_UNUSED_VARIABLE = YES;
				IPHONEOS_DEPLOYMENT_TARGET = 13.2;
				MTL_ENABLE_DEBUG_INFO = NO;
				MTL_FAST_MATH = YES;
				SDKROOT = iphoneos;
				SWIFT_COMPILATION_MODE = wholemodule;
				SWIFT_OPTIMIZATION_LEVEL = "-O";
				VALIDATE_PRODUCT = YES;
			};
			name = Release;
		};
		CEFFF585237334F0007729CD /* Debug */ = {
			isa = XCBuildConfiguration;
			buildSettings = {
				ASSETCATALOG_COMPILER_APPICON_NAME = AppIcon;
				CODE_SIGN_STYLE = Automatic;
				DEVELOPMENT_ASSET_PATHS = "\"Github-Repo-SwiftUI/Preview Content\"";
				DEVELOPMENT_TEAM = H83TSUZGC5;
				ENABLE_PREVIEWS = YES;
				INFOPLIST_FILE = "Github-Repo-SwiftUI/Supporting Files/Info.plist";
				LD_RUNPATH_SEARCH_PATHS = (
					"$(inherited)",
					"@executable_path/Frameworks",
				);
				PRODUCT_BUNDLE_IDENTIFIER = "com.ankit.Github-Repo-SwiftUI";
				PRODUCT_NAME = "$(TARGET_NAME)";
				SWIFT_VERSION = 5.0;
				TARGETED_DEVICE_FAMILY = 1;
			};
			name = Debug;
		};
		CEFFF586237334F0007729CD /* Release */ = {
			isa = XCBuildConfiguration;
			buildSettings = {
				ASSETCATALOG_COMPILER_APPICON_NAME = AppIcon;
				CODE_SIGN_STYLE = Automatic;
				DEVELOPMENT_ASSET_PATHS = "\"Github-Repo-SwiftUI/Preview Content\"";
				DEVELOPMENT_TEAM = H83TSUZGC5;
				ENABLE_PREVIEWS = YES;
				INFOPLIST_FILE = "Github-Repo-SwiftUI/Supporting Files/Info.plist";
				LD_RUNPATH_SEARCH_PATHS = (
					"$(inherited)",
					"@executable_path/Frameworks",
				);
				PRODUCT_BUNDLE_IDENTIFIER = "com.ankit.Github-Repo-SwiftUI";
				PRODUCT_NAME = "$(TARGET_NAME)";
				SWIFT_VERSION = 5.0;
				TARGETED_DEVICE_FAMILY = 1;
			};
			name = Release;
		};
/* End XCBuildConfiguration section */

/* Begin XCConfigurationList section */
		CEFFF56B237334EF007729CD /* Build configuration list for PBXProject "Github-Repo-SwiftUI" */ = {
			isa = XCConfigurationList;
			buildConfigurations = (
				CEFFF582237334F0007729CD /* Debug */,
				CEFFF583237334F0007729CD /* Release */,
			);
			defaultConfigurationIsVisible = 0;
			defaultConfigurationName = Release;
		};
		CEFFF584237334F0007729CD /* Build configuration list for PBXNativeTarget "Github-Repo-SwiftUI" */ = {
			isa = XCConfigurationList;
			buildConfigurations = (
				CEFFF585237334F0007729CD /* Debug */,
				CEFFF586237334F0007729CD /* Release */,
			);
			defaultConfigurationIsVisible = 0;
			defaultConfigurationName = Release;
		};
/* End XCConfigurationList section */
	};
	rootObject = CEFFF568237334EF007729CD /* Project object */;
}
