// !$*UTF8*$!
{
	archiveVersion = 1;
	classes = {
	};
	objectVersion = 50;
	objects = {

/* Begin PBXBuildFile section */
		CECE36D0230B286A0064C188 /* AppDelegate.swift in Sources */ = {isa = PBXBuildFile; fileRef = CECE36CF230B286A0064C188 /* AppDelegate.swift */; };
		CECE36D2230B286A0064C188 /* SceneDelegate.swift in Sources */ = {isa = PBXBuildFile; fileRef = CECE36D1230B286A0064C188 /* SceneDelegate.swift */; };
		CECE36D4230B286A0064C188 /* ContentView.swift in Sources */ = {isa = PBXBuildFile; fileRef = CECE36D3230B286A0064C188 /* ContentView.swift */; };
		CECE36D6230B286B0064C188 /* Assets.xcassets in Resources */ = {isa = PBXBuildFile; fileRef = CECE36D5230B286B0064C188 /* Assets.xcassets */; };
		CECE36D9230B286B0064C188 /* Preview Assets.xcassets in Resources */ = {isa = PBXBuildFile; fileRef = CECE36D8230B286B0064C188 /* Preview Assets.xcassets */; };
		CECE36DC230B286B0064C188 /* LaunchScreen.storyboard in Resources */ = {isa = PBXBuildFile; fileRef = CECE36DA230B286B0064C188 /* LaunchScreen.storyboard */; };
		CECE36E4230B31700064C188 /* ContainerView.swift in Sources */ = {isa = PBXBuildFile; fileRef = CECE36E3230B31700064C188 /* ContainerView.swift */; };
		CECE36E6230B32A50064C188 /* TabbedView.swift in Sources */ = {isa = PBXBuildFile; fileRef = CECE36E5230B32A50064C188 /* TabbedView.swift */; };
/* End PBXBuildFile section */

/* Begin PBXFileReference section */
		CECE36CC230B286A0064C188 /* FormsView.app */ = {isa = PBXFileReference; explicitFileType = wrapper.application; includeInIndex = 0; path = FormsView.app; sourceTree = BUILT_PRODUCTS_DIR; };
		CECE36CF230B286A0064C188 /* AppDelegate.swift */ = {isa = PBXFileReference; lastKnownFileType = sourcecode.swift; path = AppDelegate.swift; sourceTree = "<group>"; };
		CECE36D1230B286A0064C188 /* SceneDelegate.swift */ = {isa = PBXFileReference; lastKnownFileType = sourcecode.swift; path = SceneDelegate.swift; sourceTree = "<group>"; };
		CECE36D3230B286A0064C188 /* ContentView.swift */ = {isa = PBXFileReference; lastKnownFileType = sourcecode.swift; path = ContentView.swift; sourceTree = "<group>"; };
		CECE36D5230B286B0064C188 /* Assets.xcassets */ = {isa = PBXFileReference; lastKnownFileType = folder.assetcatalog; path = Assets.xcassets; sourceTree = "<group>"; };
		CECE36D8230B286B0064C188 /* Preview Assets.xcassets */ = {isa = PBXFileReference; lastKnownFileType = folder.assetcatalog; path = "Preview Assets.xcassets"; sourceTree = "<group>"; };
		CECE36DB230B286B0064C188 /* Base */ = {isa = PBXFileReference; lastKnownFileType = file.storyboard; name = Base; path = Base.lproj/LaunchScreen.storyboard; sourceTree = "<group>"; };
		CECE36DD230B286B0064C188 /* Info.plist */ = {isa = PBXFileReference; lastKnownFileType = text.plist.xml; path = Info.plist; sourceTree = "<group>"; };
		CECE36E3230B31700064C188 /* ContainerView.swift */ = {isa = PBXFileReference; lastKnownFileType = sourcecode.swift; path = ContainerView.swift; sourceTree = "<group>"; };
		CECE36E5230B32A50064C188 /* TabbedView.swift */ = {isa = PBXFileReference; lastKnownFileType = sourcecode.swift; path = TabbedView.swift; sourceTree = "<group>"; };
/* End PBXFileReference section */

/* Begin PBXFrameworksBuildPhase section */
		CECE36C9230B286A0064C188 /* Frameworks */ = {
			isa = PBXFrameworksBuildPhase;
			buildActionMask = 2147483647;
			files = (
			);
			runOnlyForDeploymentPostprocessing = 0;
		};
/* End PBXFrameworksBuildPhase section */

/* Begin PBXGroup section */
		CECE36C3230B286A0064C188 = {
			isa = PBXGroup;
			children = (
				CECE36CE230B286A0064C188 /* FormsView */,
				CECE36CD230B286A0064C188 /* Products */,
			);
			sourceTree = "<group>";
		};
		CECE36CD230B286A0064C188 /* Products */ = {
			isa = PBXGroup;
			children = (
				CECE36CC230B286A0064C188 /* FormsView.app */,
			);
			name = Products;
			sourceTree = "<group>";
		};
		CECE36CE230B286A0064C188 /* FormsView */ = {
			isa = PBXGroup;
			children = (
				CECE36CF230B286A0064C188 /* AppDelegate.swift */,
				CECE36D1230B286A0064C188 /* SceneDelegate.swift */,
				CECE36D3230B286A0064C188 /* ContentView.swift */,
				CECE36E3230B31700064C188 /* ContainerView.swift */,
				CECE36E5230B32A50064C188 /* TabbedView.swift */,
				CECE36D5230B286B0064C188 /* Assets.xcassets */,
				CECE36DA230B286B0064C188 /* LaunchScreen.storyboard */,
				CECE36DD230B286B0064C188 /* Info.plist */,
				CECE36D7230B286B0064C188 /* Preview Content */,
			);
			path = FormsView;
			sourceTree = "<group>";
		};
		CECE36D7230B286B0064C188 /* Preview Content */ = {
			isa = PBXGroup;
			children = (
				CECE36D8230B286B0064C188 /* Preview Assets.xcassets */,
			);
			path = "Preview Content";
			sourceTree = "<group>";
		};
/* End PBXGroup section */

/* Begin PBXNativeTarget section */
		CECE36CB230B286A0064C188 /* FormsView */ = {
			isa = PBXNativeTarget;
			buildConfigurationList = CECE36E0230B286B0064C188 /* Build configuration list for PBXNativeTarget "FormsView" */;
			buildPhases = (
				CECE36C8230B286A0064C188 /* Sources */,
				CECE36C9230B286A0064C188 /* Frameworks */,
				CECE36CA230B286A0064C188 /* Resources */,
			);
			buildRules = (
			);
			dependencies = (
			);
			name = FormsView;
			productName = FormsView;
			productReference = CECE36CC230B286A0064C188 /* FormsView.app */;
			productType = "com.apple.product-type.application";
		};
/* End PBXNativeTarget section */

/* Begin PBXProject section */
		CECE36C4230B286A0064C188 /* Project object */ = {
			isa = PBXProject;
			attributes = {
				LastSwiftUpdateCheck = 1100;
				LastUpgradeCheck = 1100;
				ORGANIZATIONNAME = "ankit kumar bharti";
				TargetAttributes = {
					CECE36CB230B286A0064C188 = {
						CreatedOnToolsVersion = 11.0;
					};
				};
			};
			buildConfigurationList = CECE36C7230B286A0064C188 /* Build configuration list for PBXProject "FormsView" */;
			compatibilityVersion = "Xcode 9.3";
			developmentRegion = en;
			hasScannedForEncodings = 0;
			knownRegions = (
				en,
				Base,
			);
			mainGroup = CECE36C3230B286A0064C188;
			productRefGroup = CECE36CD230B286A0064C188 /* Products */;
			projectDirPath = "";
			projectRoot = "";
			targets = (
				CECE36CB230B286A0064C188 /* FormsView */,
			);
		};
/* End PBXProject section */

/* Begin PBXResourcesBuildPhase section */
		CECE36CA230B286A0064C188 /* Resources */ = {
			isa = PBXResourcesBuildPhase;
			buildActionMask = 2147483647;
			files = (
				CECE36DC230B286B0064C188 /* LaunchScreen.storyboard in Resources */,
				CECE36D9230B286B0064C188 /* Preview Assets.xcassets in Resources */,
				CECE36D6230B286B0064C188 /* Assets.xcassets in Resources */,
			);
			runOnlyForDeploymentPostprocessing = 0;
		};
/* End PBXResourcesBuildPhase section */

/* Begin PBXSourcesBuildPhase section */
		CECE36C8230B286A0064C188 /* Sources */ = {
			isa = PBXSourcesBuildPhase;
			buildActionMask = 2147483647;
			files = (
				CECE36E4230B31700064C188 /* ContainerView.swift in Sources */,
				CECE36E6230B32A50064C188 /* TabbedView.swift in Sources */,
				CECE36D0230B286A0064C188 /* AppDelegate.swift in Sources */,
				CECE36D2230B286A0064C188 /* SceneDelegate.swift in Sources */,
				CECE36D4230B286A0064C188 /* ContentView.swift in Sources */,
			);
			runOnlyForDeploymentPostprocessing = 0;
		};
/* End PBXSourcesBuildPhase section */

/* Begin PBXVariantGroup section */
		CECE36DA230B286B0064C188 /* LaunchScreen.storyboard */ = {
			isa = PBXVariantGroup;
			children = (
				CECE36DB230B286B0064C188 /* Base */,
			);
			name = LaunchScreen.storyboard;
			sourceTree = "<group>";
		};
/* End PBXVariantGroup section */

/* Begin XCBuildConfiguration section */
		CECE36DE230B286B0064C188 /* Debug */ = {
			isa = XCBuildConfiguration;
			buildSettings = {
				ALWAYS_SEARCH_USER_PATHS = NO;
				CLANG_ANALYZER_NONNULL = YES;
				CLANG_ANALYZER_NUMBER_OBJECT_CONVERSION = YES_AGGRESSIVE;
				CLANG_CXX_LANGUAGE_STANDARD = "gnu++14";
				CLANG_CXX_LIBRARY = "libc++";
				CLANG_ENABLE_MODULES = YES;
				CLANG_ENABLE_OBJC_ARC = YES;
				CLANG_ENABLE_OBJC_WEAK = YES;
				CLANG_WARN_BLOCK_CAPTURE_AUTORELEASING = YES;
				CLANG_WARN_BOOL_CONVERSION = YES;
				CLANG_WARN_COMMA = YES;
				CLANG_WARN_CONSTANT_CONVERSION = YES;
				CLANG_WARN_DEPRECATED_OBJC_IMPLEMENTATIONS = YES;
				CLANG_WARN_DIRECT_OBJC_ISA_USAGE = YES_ERROR;
				CLANG_WARN_DOCUMENTATION_COMMENTS = YES;
				CLANG_WARN_EMPTY_BODY = YES;
				CLANG_WARN_ENUM_CONVERSION = YES;
				CLANG_WARN_INFINITE_RECURSION = YES;
				CLANG_WARN_INT_CONVERSION = YES;
				CLANG_WARN_NON_LITERAL_NULL_CONVERSION = YES;
				CLANG_WARN_OBJC_IMPLICIT_RETAIN_SELF = YES;
				CLANG_WARN_OBJC_LITERAL_CONVERSION = YES;
				CLANG_WARN_OBJC_ROOT_CLASS = YES_ERROR;
				CLANG_WARN_RANGE_LOOP_ANALYSIS = YES;
				CLANG_WARN_STRICT_PROTOTYPES = YES;
				CLANG_WARN_SUSPICIOUS_MOVE = YES;
				CLANG_WARN_UNGUARDED_AVAILABILITY = YES_AGGRESSIVE;
				CLANG_WARN_UNREACHABLE_CODE = YES;
				CLANG_WARN__DUPLICATE_METHOD_MATCH = YES;
				COPY_PHASE_STRIP = NO;
				DEBUG_INFORMATION_FORMAT = dwarf;
				ENABLE_STRICT_OBJC_MSGSEND = YES;
				ENABLE_TESTABILITY = YES;
				GCC_C_LANGUAGE_STANDARD = gnu11;
				GCC_DYNAMIC_NO_PIC = NO;
				GCC_NO_COMMON_BLOCKS = YES;
				GCC_OPTIMIZATION_LEVEL = 0;
				GCC_PREPROCESSOR_DEFINITIONS = (
					"DEBUG=1",
					"$(inherited)",
				);
				GCC_WARN_64_TO_32_BIT_CONVERSION = YES;
				GCC_WARN_ABOUT_RETURN_TYPE = YES_ERROR;
				GCC_WARN_UNDECLARED_SELECTOR = YES;
				GCC_WARN_UNINITIALIZED_AUTOS = YES_AGGRESSIVE;
				GCC_WARN_UNUSED_FUNCTION = YES;
				GCC_WARN_UNUSED_VARIABLE = YES;
				IPHONEOS_DEPLOYMENT_TARGET = 13.0;
				MTL_ENABLE_DEBUG_INFO = INCLUDE_SOURCE;
				MTL_FAST_MATH = YES;
				ONLY_ACTIVE_ARCH = YES;
				SDKROOT = iphoneos;
				SWIFT_ACTIVE_COMPILATION_CONDITIONS = DEBUG;
				SWIFT_OPTIMIZATION_LEVEL = "-Onone";
			};
			name = Debug;
		};
		CECE36DF230B286B0064C188 /* Release */ = {
			isa = XCBuildConfiguration;
			buildSettings = {
				ALWAYS_SEARCH_USER_PATHS = NO;
				CLANG_ANALYZER_NONNULL = YES;
				CLANG_ANALYZER_NUMBER_OBJECT_CONVERSION = YES_AGGRESSIVE;
				CLANG_CXX_LANGUAGE_STANDARD = "gnu++14";
				CLANG_CXX_LIBRARY = "libc++";
				CLANG_ENABLE_MODULES = YES;
				CLANG_ENABLE_OBJC_ARC = YES;
				CLANG_ENABLE_OBJC_WEAK = YES;
				CLANG_WARN_BLOCK_CAPTURE_AUTORELEASING = YES;
				CLANG_WARN_BOOL_CONVERSION = YES;
				CLANG_WARN_COMMA = YES;
				CLANG_WARN_CONSTANT_CONVERSION = YES;
				CLANG_WARN_DEPRECATED_OBJC_IMPLEMENTATIONS = YES;
				CLANG_WARN_DIRECT_OBJC_ISA_USAGE = YES_ERROR;
				CLANG_WARN_DOCUMENTATION_COMMENTS = YES;
				CLANG_WARN_EMPTY_BODY = YES;
				CLANG_WARN_ENUM_CONVERSION = YES;
				CLANG_WARN_INFINITE_RECURSION = YES;
				CLANG_WARN_INT_CONVERSION = YES;
				CLANG_WARN_NON_LITERAL_NULL_CONVERSION = YES;
				CLANG_WARN_OBJC_IMPLICIT_RETAIN_SELF = YES;
				CLANG_WARN_OBJC_LITERAL_CONVERSION = YES;
				CLANG_WARN_OBJC_ROOT_CLASS = YES_ERROR;
				CLANG_WARN_RANGE_LOOP_ANALYSIS = YES;
				CLANG_WARN_STRICT_PROTOTYPES = YES;
				CLANG_WARN_SUSPICIOUS_MOVE = YES;
				CLANG_WARN_UNGUARDED_AVAILABILITY = YES_AGGRESSIVE;
				CLANG_WARN_UNREACHABLE_CODE = YES;
				CLANG_WARN__DUPLICATE_METHOD_MATCH = YES;
				COPY_PHASE_STRIP = NO;
				DEBUG_INFORMATION_FORMAT = "dwarf-with-dsym";
				ENABLE_NS_ASSERTIONS = NO;
				ENABLE_STRICT_OBJC_MSGSEND = YES;
				GCC_C_LANGUAGE_STANDARD = gnu11;
				GCC_NO_COMMON_BLOCKS = YES;
				GCC_WARN_64_TO_32_BIT_CONVERSION = YES;
				GCC_WARN_ABOUT_RETURN_TYPE = YES_ERROR;
				GCC_WARN_UNDECLARED_SELECTOR = YES;
				GCC_WARN_UNINITIALIZED_AUTOS = YES_AGGRESSIVE;
				GCC_WARN_UNUSED_FUNCTION = YES;
				GCC_WARN_UNUSED_VARIABLE = YES;
				IPHONEOS_DEPLOYMENT_TARGET = 13.0;
				MTL_ENABLE_DEBUG_INFO = NO;
				MTL_FAST_MATH = YES;
				SDKROOT = iphoneos;
				SWIFT_COMPILATION_MODE = wholemodule;
				SWIFT_OPTIMIZATION_LEVEL = "-O";
				VALIDATE_PRODUCT = YES;
			};
			name = Release;
		};
		CECE36E1230B286B0064C188 /* Debug */ = {
			isa = XCBuildConfiguration;
			buildSettings = {
				ASSETCATALOG_COMPILER_APPICON_NAME = AppIcon;
				CODE_SIGN_STYLE = Automatic;
				DEVELOPMENT_ASSET_PATHS = "FormsView/Preview\\ Content";
				DEVELOPMENT_TEAM = H83TSUZGC5;
				ENABLE_PREVIEWS = YES;
				INFOPLIST_FILE = FormsView/Info.plist;
				LD_RUNPATH_SEARCH_PATHS = (
					"$(inherited)",
					"@executable_path/Frameworks",
				);
				PRODUCT_BUNDLE_IDENTIFIER = com.ankit.FormsView;
				PRODUCT_NAME = "$(TARGET_NAME)";
				SWIFT_VERSION = 5.0;
				TARGETED_DEVICE_FAMILY = "1,2";
			};
			name = Debug;
		};
		CECE36E2230B286B0064C188 /* Release */ = {
			isa = XCBuildConfiguration;
			buildSettings = {
				ASSETCATALOG_COMPILER_APPICON_NAME = AppIcon;
				CODE_SIGN_STYLE = Automatic;
				DEVELOPMENT_ASSET_PATHS = "FormsView/Preview\\ Content";
				DEVELOPMENT_TEAM = H83TSUZGC5;
				ENABLE_PREVIEWS = YES;
				INFOPLIST_FILE = FormsView/Info.plist;
				LD_RUNPATH_SEARCH_PATHS = (
					"$(inherited)",
					"@executable_path/Frameworks",
				);
				PRODUCT_BUNDLE_IDENTIFIER = com.ankit.FormsView;
				PRODUCT_NAME = "$(TARGET_NAME)";
				SWIFT_VERSION = 5.0;
				TARGETED_DEVICE_FAMILY = "1,2";
			};
			name = Release;
		};
/* End XCBuildConfiguration section */

/* Begin XCConfigurationList section */
		CECE36C7230B286A0064C188 /* Build configuration list for PBXProject "FormsView" */ = {
			isa = XCConfigurationList;
			buildConfigurations = (
				CECE36DE230B286B0064C188 /* Debug */,
				CECE36DF230B286B0064C188 /* Release */,
			);
			defaultConfigurationIsVisible = 0;
			defaultConfigurationName = Release;
		};
		CECE36E0230B286B0064C188 /* Build configuration list for PBXNativeTarget "FormsView" */ = {
			isa = XCConfigurationList;
			buildConfigurations = (
				CECE36E1230B286B0064C188 /* Debug */,
				CECE36E2230B286B0064C188 /* Release */,
			);
			defaultConfigurationIsVisible = 0;
			defaultConfigurationName = Release;
		};
/* End XCConfigurationList section */
	};
	rootObject = CECE36C4230B286A0064C188 /* Project object */;
}
