// !$*UTF8*$!
{
	archiveVersion = 1;
	classes = {
	};
	objectVersion = 50;
	objects = {

/* Begin PBXBuildFile section */
		CEBA3B17230C6B0300C68526 /* AppDelegate.swift in Sources */ = {isa = PBXBuildFile; fileRef = CEBA3B16230C6B0300C68526 /* AppDelegate.swift */; };
		CEBA3B19230C6B0300C68526 /* SceneDelegate.swift in Sources */ = {isa = PBXBuildFile; fileRef = CEBA3B18230C6B0300C68526 /* SceneDelegate.swift */; };
		CEBA3B1B230C6B0300C68526 /* ContentView.swift in Sources */ = {isa = PBXBuildFile; fileRef = CEBA3B1A230C6B0300C68526 /* ContentView.swift */; };
		CEBA3B1D230C6B0400C68526 /* Assets.xcassets in Resources */ = {isa = PBXBuildFile; fileRef = CEBA3B1C230C6B0400C68526 /* Assets.xcassets */; };
		CEBA3B20230C6B0400C68526 /* Preview Assets.xcassets in Resources */ = {isa = PBXBuildFile; fileRef = CEBA3B1F230C6B0400C68526 /* Preview Assets.xcassets */; };
		CEBA3B23230C6B0400C68526 /* LaunchScreen.storyboard in Resources */ = {isa = PBXBuildFile; fileRef = CEBA3B21230C6B0400C68526 /* LaunchScreen.storyboard */; };
		CEBA3B2B230C6C2700C68526 /* MutliButtons.swift in Sources */ = {isa = PBXBuildFile; fileRef = CEBA3B2A230C6C2700C68526 /* MutliButtons.swift */; };
		CEBA3B2D230C6D7800C68526 /* AlertSheetView.swift in Sources */ = {isa = PBXBuildFile; fileRef = CEBA3B2C230C6D7800C68526 /* AlertSheetView.swift */; };
		CEBA3B2F230C6E7D00C68526 /* ContextMenuView.swift in Sources */ = {isa = PBXBuildFile; fileRef = CEBA3B2E230C6E7D00C68526 /* ContextMenuView.swift */; };
/* End PBXBuildFile section */

/* Begin PBXFileReference section */
		CEBA3B13230C6B0300C68526 /* Alerts.app */ = {isa = PBXFileReference; explicitFileType = wrapper.application; includeInIndex = 0; path = Alerts.app; sourceTree = BUILT_PRODUCTS_DIR; };
		CEBA3B16230C6B0300C68526 /* AppDelegate.swift */ = {isa = PBXFileReference; lastKnownFileType = sourcecode.swift; path = AppDelegate.swift; sourceTree = "<group>"; };
		CEBA3B18230C6B0300C68526 /* SceneDelegate.swift */ = {isa = PBXFileReference; lastKnownFileType = sourcecode.swift; path = SceneDelegate.swift; sourceTree = "<group>"; };
		CEBA3B1A230C6B0300C68526 /* ContentView.swift */ = {isa = PBXFileReference; lastKnownFileType = sourcecode.swift; path = ContentView.swift; sourceTree = "<group>"; };
		CEBA3B1C230C6B0400C68526 /* Assets.xcassets */ = {isa = PBXFileReference; lastKnownFileType = folder.assetcatalog; path = Assets.xcassets; sourceTree = "<group>"; };
		CEBA3B1F230C6B0400C68526 /* Preview Assets.xcassets */ = {isa = PBXFileReference; lastKnownFileType = folder.assetcatalog; path = "Preview Assets.xcassets"; sourceTree = "<group>"; };
		CEBA3B22230C6B0400C68526 /* Base */ = {isa = PBXFileReference; lastKnownFileType = file.storyboard; name = Base; path = Base.lproj/LaunchScreen.storyboard; sourceTree = "<group>"; };
		CEBA3B24230C6B0400C68526 /* Info.plist */ = {isa = PBXFileReference; lastKnownFileType = text.plist.xml; path = Info.plist; sourceTree = "<group>"; };
		CEBA3B2A230C6C2700C68526 /* MutliButtons.swift */ = {isa = PBXFileReference; lastKnownFileType = sourcecode.swift; path = MutliButtons.swift; sourceTree = "<group>"; };
		CEBA3B2C230C6D7800C68526 /* AlertSheetView.swift */ = {isa = PBXFileReference; lastKnownFileType = sourcecode.swift; path = AlertSheetView.swift; sourceTree = "<group>"; };
		CEBA3B2E230C6E7D00C68526 /* ContextMenuView.swift */ = {isa = PBXFileReference; lastKnownFileType = sourcecode.swift; path = ContextMenuView.swift; sourceTree = "<group>"; };
/* End PBXFileReference section */

/* Begin PBXFrameworksBuildPhase section */
		CEBA3B10230C6B0300C68526 /* Frameworks */ = {
			isa = PBXFrameworksBuildPhase;
			buildActionMask = 2147483647;
			files = (
			);
			runOnlyForDeploymentPostprocessing = 0;
		};
/* End PBXFrameworksBuildPhase section */

/* Begin PBXGroup section */
		CEBA3B0A230C6B0300C68526 = {
			isa = PBXGroup;
			children = (
				CEBA3B15230C6B0300C68526 /* Alerts */,
				CEBA3B14230C6B0300C68526 /* Products */,
			);
			sourceTree = "<group>";
		};
		CEBA3B14230C6B0300C68526 /* Products */ = {
			isa = PBXGroup;
			children = (
				CEBA3B13230C6B0300C68526 /* Alerts.app */,
			);
			name = Products;
			sourceTree = "<group>";
		};
		CEBA3B15230C6B0300C68526 /* Alerts */ = {
			isa = PBXGroup;
			children = (
				CEBA3B16230C6B0300C68526 /* AppDelegate.swift */,
				CEBA3B18230C6B0300C68526 /* SceneDelegate.swift */,
				CEBA3B1A230C6B0300C68526 /* ContentView.swift */,
				CEBA3B2A230C6C2700C68526 /* MutliButtons.swift */,
				CEBA3B2C230C6D7800C68526 /* AlertSheetView.swift */,
				CEBA3B2E230C6E7D00C68526 /* ContextMenuView.swift */,
				CEBA3B1C230C6B0400C68526 /* Assets.xcassets */,
				CEBA3B21230C6B0400C68526 /* LaunchScreen.storyboard */,
				CEBA3B24230C6B0400C68526 /* Info.plist */,
				CEBA3B1E230C6B0400C68526 /* Preview Content */,
			);
			path = Alerts;
			sourceTree = "<group>";
		};
		CEBA3B1E230C6B0400C68526 /* Preview Content */ = {
			isa = PBXGroup;
			children = (
				CEBA3B1F230C6B0400C68526 /* Preview Assets.xcassets */,
			);
			path = "Preview Content";
			sourceTree = "<group>";
		};
/* End PBXGroup section */

/* Begin PBXNativeTarget section */
		CEBA3B12230C6B0300C68526 /* Alerts */ = {
			isa = PBXNativeTarget;
			buildConfigurationList = CEBA3B27230C6B0400C68526 /* Build configuration list for PBXNativeTarget "Alerts" */;
			buildPhases = (
				CEBA3B0F230C6B0300C68526 /* Sources */,
				CEBA3B10230C6B0300C68526 /* Frameworks */,
				CEBA3B11230C6B0300C68526 /* Resources */,
			);
			buildRules = (
			);
			dependencies = (
			);
			name = Alerts;
			productName = Alerts;
			productReference = CEBA3B13230C6B0300C68526 /* Alerts.app */;
			productType = "com.apple.product-type.application";
		};
/* End PBXNativeTarget section */

/* Begin PBXProject section */
		CEBA3B0B230C6B0300C68526 /* Project object */ = {
			isa = PBXProject;
			attributes = {
				LastSwiftUpdateCheck = 1100;
				LastUpgradeCheck = 1100;
				ORGANIZATIONNAME = "ankit kumar bharti";
				TargetAttributes = {
					CEBA3B12230C6B0300C68526 = {
						CreatedOnToolsVersion = 11.0;
					};
				};
			};
			buildConfigurationList = CEBA3B0E230C6B0300C68526 /* Build configuration list for PBXProject "Alerts" */;
			compatibilityVersion = "Xcode 9.3";
			developmentRegion = en;
			hasScannedForEncodings = 0;
			knownRegions = (
				en,
				Base,
			);
			mainGroup = CEBA3B0A230C6B0300C68526;
			productRefGroup = CEBA3B14230C6B0300C68526 /* Products */;
			projectDirPath = "";
			projectRoot = "";
			targets = (
				CEBA3B12230C6B0300C68526 /* Alerts */,
			);
		};
/* End PBXProject section */

/* Begin PBXResourcesBuildPhase section */
		CEBA3B11230C6B0300C68526 /* Resources */ = {
			isa = PBXResourcesBuildPhase;
			buildActionMask = 2147483647;
			files = (
				CEBA3B23230C6B0400C68526 /* LaunchScreen.storyboard in Resources */,
				CEBA3B20230C6B0400C68526 /* Preview Assets.xcassets in Resources */,
				CEBA3B1D230C6B0400C68526 /* Assets.xcassets in Resources */,
			);
			runOnlyForDeploymentPostprocessing = 0;
		};
/* End PBXResourcesBuildPhase section */

/* Begin PBXSourcesBuildPhase section */
		CEBA3B0F230C6B0300C68526 /* Sources */ = {
			isa = PBXSourcesBuildPhase;
			buildActionMask = 2147483647;
			files = (
				CEBA3B17230C6B0300C68526 /* AppDelegate.swift in Sources */,
				CEBA3B19230C6B0300C68526 /* SceneDelegate.swift in Sources */,
				CEBA3B2D230C6D7800C68526 /* AlertSheetView.swift in Sources */,
				CEBA3B2F230C6E7D00C68526 /* ContextMenuView.swift in Sources */,
				CEBA3B1B230C6B0300C68526 /* ContentView.swift in Sources */,
				CEBA3B2B230C6C2700C68526 /* MutliButtons.swift in Sources */,
			);
			runOnlyForDeploymentPostprocessing = 0;
		};
/* End PBXSourcesBuildPhase section */

/* Begin PBXVariantGroup section */
		CEBA3B21230C6B0400C68526 /* LaunchScreen.storyboard */ = {
			isa = PBXVariantGroup;
			children = (
				CEBA3B22230C6B0400C68526 /* Base */,
			);
			name = LaunchScreen.storyboard;
			sourceTree = "<group>";
		};
/* End PBXVariantGroup section */

/* Begin XCBuildConfiguration section */
		CEBA3B25230C6B0400C68526 /* Debug */ = {
			isa = XCBuildConfiguration;
			buildSettings = {
				ALWAYS_SEARCH_USER_PATHS = NO;
				CLANG_ANALYZER_NONNULL = YES;
				CLANG_ANALYZER_NUMBER_OBJECT_CONVERSION = YES_AGGRESSIVE;
				CLANG_CXX_LANGUAGE_STANDARD = "gnu++14";
				CLANG_CXX_LIBRARY = "libc++";
				CLANG_ENABLE_MODULES = YES;
				CLANG_ENABLE_OBJC_ARC = YES;
				CLANG_ENABLE_OBJC_WEAK = YES;
				CLANG_WARN_BLOCK_CAPTURE_AUTORELEASING = YES;
				CLANG_WARN_BOOL_CONVERSION = YES;
				CLANG_WARN_COMMA = YES;
				CLANG_WARN_CONSTANT_CONVERSION = YES;
				CLANG_WARN_DEPRECATED_OBJC_IMPLEMENTATIONS = YES;
				CLANG_WARN_DIRECT_OBJC_ISA_USAGE = YES_ERROR;
				CLANG_WARN_DOCUMENTATION_COMMENTS = YES;
				CLANG_WARN_EMPTY_BODY = YES;
				CLANG_WARN_ENUM_CONVERSION = YES;
				CLANG_WARN_INFINITE_RECURSION = YES;
				CLANG_WARN_INT_CONVERSION = YES;
				CLANG_WARN_NON_LITERAL_NULL_CONVERSION = YES;
				CLANG_WARN_OBJC_IMPLICIT_RETAIN_SELF = YES;
				CLANG_WARN_OBJC_LITERAL_CONVERSION = YES;
				CLANG_WARN_OBJC_ROOT_CLASS = YES_ERROR;
				CLANG_WARN_RANGE_LOOP_ANALYSIS = YES;
				CLANG_WARN_STRICT_PROTOTYPES = YES;
				CLANG_WARN_SUSPICIOUS_MOVE = YES;
				CLANG_WARN_UNGUARDED_AVAILABILITY = YES_AGGRESSIVE;
				CLANG_WARN_UNREACHABLE_CODE = YES;
				CLANG_WARN__DUPLICATE_METHOD_MATCH = YES;
				COPY_PHASE_STRIP = NO;
				DEBUG_INFORMATION_FORMAT = dwarf;
				ENABLE_STRICT_OBJC_MSGSEND = YES;
				ENABLE_TESTABILITY = YES;
				GCC_C_LANGUAGE_STANDARD = gnu11;
				GCC_DYNAMIC_NO_PIC = NO;
				GCC_NO_COMMON_BLOCKS = YES;
				GCC_OPTIMIZATION_LEVEL = 0;
				GCC_PREPROCESSOR_DEFINITIONS = (
					"DEBUG=1",
					"$(inherited)",
				);
				GCC_WARN_64_TO_32_BIT_CONVERSION = YES;
				GCC_WARN_ABOUT_RETURN_TYPE = YES_ERROR;
				GCC_WARN_UNDECLARED_SELECTOR = YES;
				GCC_WARN_UNINITIALIZED_AUTOS = YES_AGGRESSIVE;
				GCC_WARN_UNUSED_FUNCTION = YES;
				GCC_WARN_UNUSED_VARIABLE = YES;
				IPHONEOS_DEPLOYMENT_TARGET = 13.0;
				MTL_ENABLE_DEBUG_INFO = INCLUDE_SOURCE;
				MTL_FAST_MATH = YES;
				ONLY_ACTIVE_ARCH = YES;
				SDKROOT = iphoneos;
				SWIFT_ACTIVE_COMPILATION_CONDITIONS = DEBUG;
				SWIFT_OPTIMIZATION_LEVEL = "-Onone";
			};
			name = Debug;
		};
		CEBA3B26230C6B0400C68526 /* Release */ = {
			isa = XCBuildConfiguration;
			buildSettings = {
				ALWAYS_SEARCH_USER_PATHS = NO;
				CLANG_ANALYZER_NONNULL = YES;
				CLANG_ANALYZER_NUMBER_OBJECT_CONVERSION = YES_AGGRESSIVE;
				CLANG_CXX_LANGUAGE_STANDARD = "gnu++14";
				CLANG_CXX_LIBRARY = "libc++";
				CLANG_ENABLE_MODULES = YES;
				CLANG_ENABLE_OBJC_ARC = YES;
				CLANG_ENABLE_OBJC_WEAK = YES;
				CLANG_WARN_BLOCK_CAPTURE_AUTORELEASING = YES;
				CLANG_WARN_BOOL_CONVERSION = YES;
				CLANG_WARN_COMMA = YES;
				CLANG_WARN_CONSTANT_CONVERSION = YES;
				CLANG_WARN_DEPRECATED_OBJC_IMPLEMENTATIONS = YES;
				CLANG_WARN_DIRECT_OBJC_ISA_USAGE = YES_ERROR;
				CLANG_WARN_DOCUMENTATION_COMMENTS = YES;
				CLANG_WARN_EMPTY_BODY = YES;
				CLANG_WARN_ENUM_CONVERSION = YES;
				CLANG_WARN_INFINITE_RECURSION = YES;
				CLANG_WARN_INT_CONVERSION = YES;
				CLANG_WARN_NON_LITERAL_NULL_CONVERSION = YES;
				CLANG_WARN_OBJC_IMPLICIT_RETAIN_SELF = YES;
				CLANG_WARN_OBJC_LITERAL_CONVERSION = YES;
				CLANG_WARN_OBJC_ROOT_CLASS = YES_ERROR;
				CLANG_WARN_RANGE_LOOP_ANALYSIS = YES;
				CLANG_WARN_STRICT_PROTOTYPES = YES;
				CLANG_WARN_SUSPICIOUS_MOVE = YES;
				CLANG_WARN_UNGUARDED_AVAILABILITY = YES_AGGRESSIVE;
				CLANG_WARN_UNREACHABLE_CODE = YES;
				CLANG_WARN__DUPLICATE_METHOD_MATCH = YES;
				COPY_PHASE_STRIP = NO;
				DEBUG_INFORMATION_FORMAT = "dwarf-with-dsym";
				ENABLE_NS_ASSERTIONS = NO;
				ENABLE_STRICT_OBJC_MSGSEND = YES;
				GCC_C_LANGUAGE_STANDARD = gnu11;
				GCC_NO_COMMON_BLOCKS = YES;
				GCC_WARN_64_TO_32_BIT_CONVERSION = YES;
				GCC_WARN_ABOUT_RETURN_TYPE = YES_ERROR;
				GCC_WARN_UNDECLARED_SELECTOR = YES;
				GCC_WARN_UNINITIALIZED_AUTOS = YES_AGGRESSIVE;
				GCC_WARN_UNUSED_FUNCTION = YES;
				GCC_WARN_UNUSED_VARIABLE = YES;
				IPHONEOS_DEPLOYMENT_TARGET = 13.0;
				MTL_ENABLE_DEBUG_INFO = NO;
				MTL_FAST_MATH = YES;
				SDKROOT = iphoneos;
				SWIFT_COMPILATION_MODE = wholemodule;
				SWIFT_OPTIMIZATION_LEVEL = "-O";
				VALIDATE_PRODUCT = YES;
			};
			name = Release;
		};
		CEBA3B28230C6B0400C68526 /* Debug */ = {
			isa = XCBuildConfiguration;
			buildSettings = {
				ASSETCATALOG_COMPILER_APPICON_NAME = AppIcon;
				CODE_SIGN_STYLE = Automatic;
				DEVELOPMENT_ASSET_PATHS = "Alerts/Preview\\ Content";
				DEVELOPMENT_TEAM = H83TSUZGC5;
				ENABLE_PREVIEWS = YES;
				INFOPLIST_FILE = Alerts/Info.plist;
				LD_RUNPATH_SEARCH_PATHS = (
					"$(inherited)",
					"@executable_path/Frameworks",
				);
				PRODUCT_BUNDLE_IDENTIFIER = com.ankit.Alerts;
				PRODUCT_NAME = "$(TARGET_NAME)";
				SWIFT_VERSION = 5.0;
				TARGETED_DEVICE_FAMILY = "1,2";
			};
			name = Debug;
		};
		CEBA3B29230C6B0400C68526 /* Release */ = {
			isa = XCBuildConfiguration;
			buildSettings = {
				ASSETCATALOG_COMPILER_APPICON_NAME = AppIcon;
				CODE_SIGN_STYLE = Automatic;
				DEVELOPMENT_ASSET_PATHS = "Alerts/Preview\\ Content";
				DEVELOPMENT_TEAM = H83TSUZGC5;
				ENABLE_PREVIEWS = YES;
				INFOPLIST_FILE = Alerts/Info.plist;
				LD_RUNPATH_SEARCH_PATHS = (
					"$(inherited)",
					"@executable_path/Frameworks",
				);
				PRODUCT_BUNDLE_IDENTIFIER = com.ankit.Alerts;
				PRODUCT_NAME = "$(TARGET_NAME)";
				SWIFT_VERSION = 5.0;
				TARGETED_DEVICE_FAMILY = "1,2";
			};
			name = Release;
		};
/* End XCBuildConfiguration section */

/* Begin XCConfigurationList section */
		CEBA3B0E230C6B0300C68526 /* Build configuration list for PBXProject "Alerts" */ = {
			isa = XCConfigurationList;
			buildConfigurations = (
				CEBA3B25230C6B0400C68526 /* Debug */,
				CEBA3B26230C6B0400C68526 /* Release */,
			);
			defaultConfigurationIsVisible = 0;
			defaultConfigurationName = Release;
		};
		CEBA3B27230C6B0400C68526 /* Build configuration list for PBXNativeTarget "Alerts" */ = {
			isa = XCConfigurationList;
			buildConfigurations = (
				CEBA3B28230C6B0400C68526 /* Debug */,
				CEBA3B29230C6B0400C68526 /* Release */,
			);
			defaultConfigurationIsVisible = 0;
			defaultConfigurationName = Release;
		};
/* End XCConfigurationList section */
	};
	rootObject = CEBA3B0B230C6B0300C68526 /* Project object */;
}
